// !$*UTF8*$!
{
	archiveVersion = 1;
	classes = {
	};
	objectVersion = 51;
	objects = {

/* Begin PBXBuildFile section */
		42DDCA0F492F14D8CAE4268D /* Pods_DoubanBooksTests.framework in Frameworks */ = {isa = PBXBuildFile; fileRef = 01B2AB60F4FC5D723EE7FC8C /* Pods_DoubanBooksTests.framework */; };
		BA10DC80236975BF003A6B94 /* BookConverter.swift in Sources */ = {isa = PBXBuildFile; fileRef = BA10DC7F236975BF003A6B94 /* BookConverter.swift */; };
		BA3E6B032361352100AD878D /* BookCell.swift in Sources */ = {isa = PBXBuildFile; fileRef = BA3E6B022361352100AD878D /* BookCell.swift */; };
		BA3E6B052361407800AD878D /* EmptyViewDelegate.swift in Sources */ = {isa = PBXBuildFile; fileRef = BA3E6B042361407800AD878D /* EmptyViewDelegate.swift */; };
		BA3E6B072361447D00AD878D /* ScrollViewExtension.swift in Sources */ = {isa = PBXBuildFile; fileRef = BA3E6B062361447D00AD878D /* ScrollViewExtension.swift */; };
		BA3E6B09236148B100AD878D /* FuncTools.swift in Sources */ = {isa = PBXBuildFile; fileRef = BA3E6B08236148B100AD878D /* FuncTools.swift */; };
		BA487956236D34770099078C /* BookDateController.swift in Sources */ = {isa = PBXBuildFile; fileRef = BA487955236D34770099078C /* BookDateController.swift */; };
		BA501F68237A946C00881337 /* ContainerController.swift in Sources */ = {isa = PBXBuildFile; fileRef = BA501F67237A946C00881337 /* ContainerController.swift */; };
		BA501F6A237A95E700881337 /* PageContainerDelegate.swift in Sources */ = {isa = PBXBuildFile; fileRef = BA501F69237A95E700881337 /* PageContainerDelegate.swift */; };
		BA501F6C237A986E00881337 /* ChartsPageController.swift in Sources */ = {isa = PBXBuildFile; fileRef = BA501F6B237A986E00881337 /* ChartsPageController.swift */; };
		BA501F70237AA0B100881337 /* CategoryBookStatisticsController.swift in Sources */ = {isa = PBXBuildFile; fileRef = BA501F6F237AA0B100881337 /* CategoryBookStatisticsController.swift */; };
		BA501F72237AA0E100881337 /* CategoryReadingStatisticsController.swift in Sources */ = {isa = PBXBuildFile; fileRef = BA501F71237AA0E100881337 /* CategoryReadingStatisticsController.swift */; };
		BA501F74237AA10A00881337 /* KeywordStatisticsController.swift in Sources */ = {isa = PBXBuildFile; fileRef = BA501F73237AA10A00881337 /* KeywordStatisticsController.swift */; };
		BA5140F12353F532006769B0 /* CategotyFactory.swift in Sources */ = {isa = PBXBuildFile; fileRef = BA5140F02353F532006769B0 /* CategotyFactory.swift */; };
		BA5140F323540461006769B0 /* VMBook.swift in Sources */ = {isa = PBXBuildFile; fileRef = BA5140F223540461006769B0 /* VMBook.swift */; };
		BA5140F523540697006769B0 /* BookFactory.swift in Sources */ = {isa = PBXBuildFile; fileRef = BA5140F423540697006769B0 /* BookFactory.swift */; };
		BA5140F723540911006769B0 /* BookRepository.swift in Sources */ = {isa = PBXBuildFile; fileRef = BA5140F623540911006769B0 /* BookRepository.swift */; };
		BA569167236A6B610027C7B3 /* FindControllerController.swift in Sources */ = {isa = PBXBuildFile; fileRef = BA569166236A6B610027C7B3 /* FindControllerController.swift */; };
		BA569169236A83260027C7B3 /* HeaderReusableView.swift in Sources */ = {isa = PBXBuildFile; fileRef = BA569168236A83260027C7B3 /* HeaderReusableView.swift */; };
		BA56916B236A8FDB0027C7B3 /* FindViewCell.swift in Sources */ = {isa = PBXBuildFile; fileRef = BA56916A236A8FDB0027C7B3 /* FindViewCell.swift */; };
		BA598046235EF0960068E1CA /* BooksController.swift in Sources */ = {isa = PBXBuildFile; fileRef = BA598045235EF0960068E1CA /* BooksController.swift */; };
		BA5B3563237BFB9300E9ADD8 /* UserCookies.swift in Sources */ = {isa = PBXBuildFile; fileRef = BA5B3562237BFB9300E9ADD8 /* UserCookies.swift */; };
		BA61706C2368188B00902C35 /* BooksJson.swift in Sources */ = {isa = PBXBuildFile; fileRef = BA61706A2368188B00902C35 /* BooksJson.swift */; };
		BA61706D2368188B00902C35 /* JSONConverter.swift in Sources */ = {isa = PBXBuildFile; fileRef = BA61706B2368188B00902C35 /* JSONConverter.swift */; };
		BA61706F23683F3000902C35 /* JSONable.swift in Sources */ = {isa = PBXBuildFile; fileRef = BA61706E23683F3000902C35 /* JSONable.swift */; };
		BA655E47235A8DCA00767920 /* AddCategoryController.swift in Sources */ = {isa = PBXBuildFile; fileRef = BA655E46235A8DCA00767920 /* AddCategoryController.swift */; };
		BA655E49235ABC5100767920 /* CategoryTimeList.plist in Resources */ = {isa = PBXBuildFile; fileRef = BA655E48235ABC5100767920 /* CategoryTimeList.plist */; };
		BA655E4D235AC02200767920 /* DateExtensions.swift in Sources */ = {isa = PBXBuildFile; fileRef = BA655E4C235AC02200767920 /* DateExtensions.swift */; };
		BA670AEC2373A4120043A12B /* ActionViewPicker.swift in Sources */ = {isa = PBXBuildFile; fileRef = BA670AEB2373A4120043A12B /* ActionViewPicker.swift */; };
		BA670AEE2373A4700043A12B /* ActionViewDelegates.swift in Sources */ = {isa = PBXBuildFile; fileRef = BA670AED2373A4700043A12B /* ActionViewDelegates.swift */; };
		BA6714DC2351507A0067D4F1 /* AppDelegate.swift in Sources */ = {isa = PBXBuildFile; fileRef = BA6714DB2351507A0067D4F1 /* AppDelegate.swift */; };
		BA6714E12351507A0067D4F1 /* Main.storyboard in Resources */ = {isa = PBXBuildFile; fileRef = BA6714DF2351507A0067D4F1 /* Main.storyboard */; };
		BA6714E42351507A0067D4F1 /* DoubanBooks.xcdatamodeld in Sources */ = {isa = PBXBuildFile; fileRef = BA6714E22351507A0067D4F1 /* DoubanBooks.xcdatamodeld */; };
		BA6714E62351507B0067D4F1 /* Assets.xcassets in Resources */ = {isa = PBXBuildFile; fileRef = BA6714E52351507B0067D4F1 /* Assets.xcassets */; };
		BA6714E92351507B0067D4F1 /* LaunchScreen.storyboard in Resources */ = {isa = PBXBuildFile; fileRef = BA6714E72351507B0067D4F1 /* LaunchScreen.storyboard */; };
		BA6714F42351507B0067D4F1 /* DoubanBooksTests.swift in Sources */ = {isa = PBXBuildFile; fileRef = BA6714F32351507B0067D4F1 /* DoubanBooksTests.swift */; };
		BA67150E23516B010067D4F1 /* VMCategory.swift in Sources */ = {isa = PBXBuildFile; fileRef = BA67150D23516B010067D4F1 /* VMCategory.swift */; };
		BA67151023516BF40067D4F1 /* CategoryRepository.swift in Sources */ = {isa = PBXBuildFile; fileRef = BA67150F23516BF40067D4F1 /* CategoryRepository.swift */; };
		BA671512235181780067D4F1 /* DataError.swift in Sources */ = {isa = PBXBuildFile; fileRef = BA671511235181780067D4F1 /* DataError.swift */; };
		BA692DB423763FF60009D098 /* ActionTablePicker.swift in Sources */ = {isa = PBXBuildFile; fileRef = BA692DB323763FF60009D098 /* ActionTablePicker.swift */; };
		BA692DB623765F460009D098 /* ActionCollectionPicker.swift in Sources */ = {isa = PBXBuildFile; fileRef = BA692DB523765F460009D098 /* ActionCollectionPicker.swift */; };
		BA692DB8237660430009D098 /* ActionCollectionViewCell.swift in Sources */ = {isa = PBXBuildFile; fileRef = BA692DB7237660430009D098 /* ActionCollectionViewCell.swift */; };
		BA6C15DD2355CBCF00871637 /* Repositry.swift in Sources */ = {isa = PBXBuildFile; fileRef = BA6C15DC2355CBCF00871637 /* Repositry.swift */; };
		BA6C15DF2355CC8800871637 /* DataViewModilDelegate.swift in Sources */ = {isa = PBXBuildFile; fileRef = BA6C15DE2355CC8800871637 /* DataViewModilDelegate.swift */; };
		BA875A3623595594005BB2BD /* CategorisesController.swift in Sources */ = {isa = PBXBuildFile; fileRef = BA875A3523595594005BB2BD /* CategorisesController.swift */; };
		BA875A3823596042005BB2BD /* CategoryCell.swift in Sources */ = {isa = PBXBuildFile; fileRef = BA875A3723596042005BB2BD /* CategoryCell.swift */; };
		BA875A3A23596879005BB2BD /* AlertExtenslons.swift in Sources */ = {isa = PBXBuildFile; fileRef = BA875A3923596879005BB2BD /* AlertExtenslons.swift */; };
		E6F0FF8180B98B1853E8EE78 /* Pods_DoubanBooks.framework in Frameworks */ = {isa = PBXBuildFile; fileRef = 01863F2D587DD759ABA68500 /* Pods_DoubanBooks.framework */; };
/* End PBXBuildFile section */

/* Begin PBXContainerItemProxy section */
		BA6714F02351507B0067D4F1 /* PBXContainerItemProxy */ = {
			isa = PBXContainerItemProxy;
			containerPortal = BA6714D02351507A0067D4F1 /* Project object */;
			proxyType = 1;
			remoteGlobalIDString = BA6714D72351507A0067D4F1;
			remoteInfo = DoubanBooks;
		};
/* End PBXContainerItemProxy section */

/* Begin PBXFileReference section */
		01863F2D587DD759ABA68500 /* Pods_DoubanBooks.framework */ = {isa = PBXFileReference; explicitFileType = wrapper.framework; includeInIndex = 0; path = Pods_DoubanBooks.framework; sourceTree = BUILT_PRODUCTS_DIR; };
		01B2AB60F4FC5D723EE7FC8C /* Pods_DoubanBooksTests.framework */ = {isa = PBXFileReference; explicitFileType = wrapper.framework; includeInIndex = 0; path = Pods_DoubanBooksTests.framework; sourceTree = BUILT_PRODUCTS_DIR; };
		08F52E93160D933ECA6227E2 /* Pods-DoubanBooks.debug.xcconfig */ = {isa = PBXFileReference; includeInIndex = 1; lastKnownFileType = text.xcconfig; name = "Pods-DoubanBooks.debug.xcconfig"; path = "Target Support Files/Pods-DoubanBooks/Pods-DoubanBooks.debug.xcconfig"; sourceTree = "<group>"; };
		7457D52A2B96643AF98E568F /* Pods-DoubanBooksTests.debug.xcconfig */ = {isa = PBXFileReference; includeInIndex = 1; lastKnownFileType = text.xcconfig; name = "Pods-DoubanBooksTests.debug.xcconfig"; path = "Target Support Files/Pods-DoubanBooksTests/Pods-DoubanBooksTests.debug.xcconfig"; sourceTree = "<group>"; };
		A3AD64130FCC1686281C1F00 /* Pods-DoubanBooks.release.xcconfig */ = {isa = PBXFileReference; includeInIndex = 1; lastKnownFileType = text.xcconfig; name = "Pods-DoubanBooks.release.xcconfig"; path = "Target Support Files/Pods-DoubanBooks/Pods-DoubanBooks.release.xcconfig"; sourceTree = "<group>"; };
		BA10DC7F236975BF003A6B94 /* BookConverter.swift */ = {isa = PBXFileReference; lastKnownFileType = sourcecode.swift; path = BookConverter.swift; sourceTree = "<group>"; };
		BA3E6B022361352100AD878D /* BookCell.swift */ = {isa = PBXFileReference; lastKnownFileType = sourcecode.swift; path = BookCell.swift; sourceTree = "<group>"; };
		BA3E6B042361407800AD878D /* EmptyViewDelegate.swift */ = {isa = PBXFileReference; lastKnownFileType = sourcecode.swift; path = EmptyViewDelegate.swift; sourceTree = "<group>"; };
		BA3E6B062361447D00AD878D /* ScrollViewExtension.swift */ = {isa = PBXFileReference; fileEncoding = 4; lastKnownFileType = sourcecode.swift; path = ScrollViewExtension.swift; sourceTree = "<group>"; };
		BA3E6B08236148B100AD878D /* FuncTools.swift */ = {isa = PBXFileReference; lastKnownFileType = sourcecode.swift; path = FuncTools.swift; sourceTree = "<group>"; };
		BA487955236D34770099078C /* BookDateController.swift */ = {isa = PBXFileReference; lastKnownFileType = sourcecode.swift; path = BookDateController.swift; sourceTree = "<group>"; };
		BA501F67237A946C00881337 /* ContainerController.swift */ = {isa = PBXFileReference; lastKnownFileType = sourcecode.swift; path = ContainerController.swift; sourceTree = "<group>"; };
		BA501F69237A95E700881337 /* PageContainerDelegate.swift */ = {isa = PBXFileReference; lastKnownFileType = sourcecode.swift; path = PageContainerDelegate.swift; sourceTree = "<group>"; };
		BA501F6B237A986E00881337 /* ChartsPageController.swift */ = {isa = PBXFileReference; lastKnownFileType = sourcecode.swift; path = ChartsPageController.swift; sourceTree = "<group>"; };
		BA501F6F237AA0B100881337 /* CategoryBookStatisticsController.swift */ = {isa = PBXFileReference; lastKnownFileType = sourcecode.swift; path = CategoryBookStatisticsController.swift; sourceTree = "<group>"; };
		BA501F71237AA0E100881337 /* CategoryReadingStatisticsController.swift */ = {isa = PBXFileReference; lastKnownFileType = sourcecode.swift; path = CategoryReadingStatisticsController.swift; sourceTree = "<group>"; };
		BA501F73237AA10A00881337 /* KeywordStatisticsController.swift */ = {isa = PBXFileReference; lastKnownFileType = sourcecode.swift; path = KeywordStatisticsController.swift; sourceTree = "<group>"; };
		BA5140F02353F532006769B0 /* CategotyFactory.swift */ = {isa = PBXFileReference; lastKnownFileType = sourcecode.swift; path = CategotyFactory.swift; sourceTree = "<group>"; };
		BA5140F223540461006769B0 /* VMBook.swift */ = {isa = PBXFileReference; lastKnownFileType = sourcecode.swift; path = VMBook.swift; sourceTree = "<group>"; };
		BA5140F423540697006769B0 /* BookFactory.swift */ = {isa = PBXFileReference; lastKnownFileType = sourcecode.swift; path = BookFactory.swift; sourceTree = "<group>"; };
		BA5140F623540911006769B0 /* BookRepository.swift */ = {isa = PBXFileReference; lastKnownFileType = sourcecode.swift; path = BookRepository.swift; sourceTree = "<group>"; };
		BA569166236A6B610027C7B3 /* FindControllerController.swift */ = {isa = PBXFileReference; lastKnownFileType = sourcecode.swift; path = FindControllerController.swift; sourceTree = "<group>"; };
		BA569168236A83260027C7B3 /* HeaderReusableView.swift */ = {isa = PBXFileReference; lastKnownFileType = sourcecode.swift; path = HeaderReusableView.swift; sourceTree = "<group>"; };
		BA56916A236A8FDB0027C7B3 /* FindViewCell.swift */ = {isa = PBXFileReference; lastKnownFileType = sourcecode.swift; path = FindViewCell.swift; sourceTree = "<group>"; };
		BA598045235EF0960068E1CA /* BooksController.swift */ = {isa = PBXFileReference; lastKnownFileType = sourcecode.swift; path = BooksController.swift; sourceTree = "<group>"; };
		BA5B3562237BFB9300E9ADD8 /* UserCookies.swift */ = {isa = PBXFileReference; lastKnownFileType = sourcecode.swift; path = UserCookies.swift; sourceTree = "<group>"; };
		BA61706A2368188B00902C35 /* BooksJson.swift */ = {isa = PBXFileReference; fileEncoding = 4; lastKnownFileType = sourcecode.swift; path = BooksJson.swift; sourceTree = "<group>"; };
		BA61706B2368188B00902C35 /* JSONConverter.swift */ = {isa = PBXFileReference; fileEncoding = 4; lastKnownFileType = sourcecode.swift; path = JSONConverter.swift; sourceTree = "<group>"; };
		BA61706E23683F3000902C35 /* JSONable.swift */ = {isa = PBXFileReference; lastKnownFileType = sourcecode.swift; path = JSONable.swift; sourceTree = "<group>"; };
		BA655E46235A8DCA00767920 /* AddCategoryController.swift */ = {isa = PBXFileReference; lastKnownFileType = sourcecode.swift; path = AddCategoryController.swift; sourceTree = "<group>"; };
		BA655E48235ABC5100767920 /* CategoryTimeList.plist */ = {isa = PBXFileReference; lastKnownFileType = text.plist.xml; path = CategoryTimeList.plist; sourceTree = "<group>"; };
		BA655E4C235AC02200767920 /* DateExtensions.swift */ = {isa = PBXFileReference; fileEncoding = 4; lastKnownFileType = sourcecode.swift; path = DateExtensions.swift; sourceTree = "<group>"; };
		BA670AEB2373A4120043A12B /* ActionViewPicker.swift */ = {isa = PBXFileReference; lastKnownFileType = sourcecode.swift; path = ActionViewPicker.swift; sourceTree = "<group>"; };
		BA670AED2373A4700043A12B /* ActionViewDelegates.swift */ = {isa = PBXFileReference; lastKnownFileType = sourcecode.swift; path = ActionViewDelegates.swift; sourceTree = "<group>"; };
		BA6714D82351507A0067D4F1 /* DoubanBooks.app */ = {isa = PBXFileReference; explicitFileType = wrapper.application; includeInIndex = 0; path = DoubanBooks.app; sourceTree = BUILT_PRODUCTS_DIR; };
		BA6714DB2351507A0067D4F1 /* AppDelegate.swift */ = {isa = PBXFileReference; lastKnownFileType = sourcecode.swift; path = AppDelegate.swift; sourceTree = "<group>"; };
		BA6714E02351507A0067D4F1 /* Base */ = {isa = PBXFileReference; lastKnownFileType = file.storyboard; name = Base; path = Base.lproj/Main.storyboard; sourceTree = "<group>"; };
		BA6714E32351507A0067D4F1 /* DoubanBooks.xcdatamodel */ = {isa = PBXFileReference; lastKnownFileType = wrapper.xcdatamodel; path = DoubanBooks.xcdatamodel; sourceTree = "<group>"; };
		BA6714E52351507B0067D4F1 /* Assets.xcassets */ = {isa = PBXFileReference; lastKnownFileType = folder.assetcatalog; path = Assets.xcassets; sourceTree = "<group>"; };
		BA6714E82351507B0067D4F1 /* Base */ = {isa = PBXFileReference; lastKnownFileType = file.storyboard; name = Base; path = Base.lproj/LaunchScreen.storyboard; sourceTree = "<group>"; };
		BA6714EA2351507B0067D4F1 /* Info.plist */ = {isa = PBXFileReference; lastKnownFileType = text.plist.xml; path = Info.plist; sourceTree = "<group>"; };
		BA6714EF2351507B0067D4F1 /* DoubanBooksTests.xctest */ = {isa = PBXFileReference; explicitFileType = wrapper.cfbundle; includeInIndex = 0; path = DoubanBooksTests.xctest; sourceTree = BUILT_PRODUCTS_DIR; };
		BA6714F32351507B0067D4F1 /* DoubanBooksTests.swift */ = {isa = PBXFileReference; lastKnownFileType = sourcecode.swift; path = DoubanBooksTests.swift; sourceTree = "<group>"; };
		BA6714F52351507B0067D4F1 /* Info.plist */ = {isa = PBXFileReference; lastKnownFileType = text.plist.xml; path = Info.plist; sourceTree = "<group>"; };
		BA6714FE2351549B0067D4F1 /* Book+CoreDataClass.swift */ = {isa = PBXFileReference; lastKnownFileType = sourcecode.swift; path = "Book+CoreDataClass.swift"; sourceTree = "<group>"; };
		BA6714FF2351549B0067D4F1 /* Book+CoreDataProperties.swift */ = {isa = PBXFileReference; lastKnownFileType = sourcecode.swift; path = "Book+CoreDataProperties.swift"; sourceTree = "<group>"; };
		BA6715002351549B0067D4F1 /* Category+CoreDataClass.swift */ = {isa = PBXFileReference; lastKnownFileType = sourcecode.swift; path = "Category+CoreDataClass.swift"; sourceTree = "<group>"; };
		BA6715012351549B0067D4F1 /* Category+CoreDataProperties.swift */ = {isa = PBXFileReference; lastKnownFileType = sourcecode.swift; path = "Category+CoreDataProperties.swift"; sourceTree = "<group>"; };
		BA6715062351564B0067D4F1 /* DoubanBooks 2.xcdatamodel */ = {isa = PBXFileReference; lastKnownFileType = wrapper.xcdatamodel; path = "DoubanBooks 2.xcdatamodel"; sourceTree = "<group>"; };
		BA67150D23516B010067D4F1 /* VMCategory.swift */ = {isa = PBXFileReference; lastKnownFileType = sourcecode.swift; path = VMCategory.swift; sourceTree = "<group>"; };
		BA67150F23516BF40067D4F1 /* CategoryRepository.swift */ = {isa = PBXFileReference; lastKnownFileType = sourcecode.swift; path = CategoryRepository.swift; sourceTree = "<group>"; };
		BA671511235181780067D4F1 /* DataError.swift */ = {isa = PBXFileReference; lastKnownFileType = sourcecode.swift; path = DataError.swift; sourceTree = "<group>"; };
		BA692DB323763FF60009D098 /* ActionTablePicker.swift */ = {isa = PBXFileReference; lastKnownFileType = sourcecode.swift; path = ActionTablePicker.swift; sourceTree = "<group>"; };
		BA692DB523765F460009D098 /* ActionCollectionPicker.swift */ = {isa = PBXFileReference; lastKnownFileType = sourcecode.swift; path = ActionCollectionPicker.swift; sourceTree = "<group>"; };
		BA692DB7237660430009D098 /* ActionCollectionViewCell.swift */ = {isa = PBXFileReference; lastKnownFileType = sourcecode.swift; path = ActionCollectionViewCell.swift; sourceTree = "<group>"; };
		BA6C15DC2355CBCF00871637 /* Repositry.swift */ = {isa = PBXFileReference; lastKnownFileType = sourcecode.swift; path = Repositry.swift; sourceTree = "<group>"; };
		BA6C15DE2355CC8800871637 /* DataViewModilDelegate.swift */ = {isa = PBXFileReference; lastKnownFileType = sourcecode.swift; path = DataViewModilDelegate.swift; sourceTree = "<group>"; };
		BA875A3523595594005BB2BD /* CategorisesController.swift */ = {isa = PBXFileReference; lastKnownFileType = sourcecode.swift; path = CategorisesController.swift; sourceTree = "<group>"; };
		BA875A3723596042005BB2BD /* CategoryCell.swift */ = {isa = PBXFileReference; lastKnownFileType = sourcecode.swift; path = CategoryCell.swift; sourceTree = "<group>"; };
		BA875A3923596879005BB2BD /* AlertExtenslons.swift */ = {isa = PBXFileReference; fileEncoding = 4; lastKnownFileType = sourcecode.swift; path = AlertExtenslons.swift; sourceTree = "<group>"; };
		D386CA76F80084F0BEC14888 /* Pods-DoubanBooksTests.release.xcconfig */ = {isa = PBXFileReference; includeInIndex = 1; lastKnownFileType = text.xcconfig; name = "Pods-DoubanBooksTests.release.xcconfig"; path = "Target Support Files/Pods-DoubanBooksTests/Pods-DoubanBooksTests.release.xcconfig"; sourceTree = "<group>"; };
/* End PBXFileReference section */

/* Begin PBXFrameworksBuildPhase section */
		BA6714D52351507A0067D4F1 /* Frameworks */ = {
			isa = PBXFrameworksBuildPhase;
			buildActionMask = 2147483647;
			files = (
				E6F0FF8180B98B1853E8EE78 /* Pods_DoubanBooks.framework in Frameworks */,
			);
			runOnlyForDeploymentPostprocessing = 0;
		};
		BA6714EC2351507B0067D4F1 /* Frameworks */ = {
			isa = PBXFrameworksBuildPhase;
			buildActionMask = 2147483647;
			files = (
				42DDCA0F492F14D8CAE4268D /* Pods_DoubanBooksTests.framework in Frameworks */,
			);
			runOnlyForDeploymentPostprocessing = 0;
		};
/* End PBXFrameworksBuildPhase section */

/* Begin PBXGroup section */
		311FBA11E3DF92E5DEEDFBCA /* Frameworks */ = {
			isa = PBXGroup;
			children = (
				01863F2D587DD759ABA68500 /* Pods_DoubanBooks.framework */,
				01B2AB60F4FC5D723EE7FC8C /* Pods_DoubanBooksTests.framework */,
			);
			name = Frameworks;
			sourceTree = "<group>";
		};
		97BA815C382E9E2968BC3EDA /* Pods */ = {
			isa = PBXGroup;
			children = (
				08F52E93160D933ECA6227E2 /* Pods-DoubanBooks.debug.xcconfig */,
				A3AD64130FCC1686281C1F00 /* Pods-DoubanBooks.release.xcconfig */,
				7457D52A2B96643AF98E568F /* Pods-DoubanBooksTests.debug.xcconfig */,
				D386CA76F80084F0BEC14888 /* Pods-DoubanBooksTests.release.xcconfig */,
			);
			path = Pods;
			sourceTree = "<group>";
		};
		BA6714CF2351507A0067D4F1 = {
			isa = PBXGroup;
			children = (
				BA6714FE2351549B0067D4F1 /* Book+CoreDataClass.swift */,
				BA6714FF2351549B0067D4F1 /* Book+CoreDataProperties.swift */,
				BA6715002351549B0067D4F1 /* Category+CoreDataClass.swift */,
				BA6715012351549B0067D4F1 /* Category+CoreDataProperties.swift */,
				BA6714DA2351507A0067D4F1 /* DoubanBooks */,
				BA6714F22351507B0067D4F1 /* DoubanBooksTests */,
				BA6714D92351507A0067D4F1 /* Products */,
				97BA815C382E9E2968BC3EDA /* Pods */,
				311FBA11E3DF92E5DEEDFBCA /* Frameworks */,
			);
			sourceTree = "<group>";
		};
		BA6714D92351507A0067D4F1 /* Products */ = {
			isa = PBXGroup;
			children = (
				BA6714D82351507A0067D4F1 /* DoubanBooks.app */,
				BA6714EF2351507B0067D4F1 /* DoubanBooksTests.xctest */,
			);
			name = Products;
			sourceTree = "<group>";
		};
		BA6714DA2351507A0067D4F1 /* DoubanBooks */ = {
			isa = PBXGroup;
			children = (
				BA671507235169DB0067D4F1 /* Controllers */,
				BA67150C23516A340067D4F1 /* Netwotk */,
				BA67150B23516A1D0067D4F1 /* Perslsts */,
				BA671509235169F60067D4F1 /* Models */,
				BA67150A235169FF0067D4F1 /* Utils */,
				BA671508235169ED0067D4F1 /* Views */,
				BA6714DB2351507A0067D4F1 /* AppDelegate.swift */,
				BA6714DF2351507A0067D4F1 /* Main.storyboard */,
				BA6714E52351507B0067D4F1 /* Assets.xcassets */,
				BA6714E72351507B0067D4F1 /* LaunchScreen.storyboard */,
				BA6714EA2351507B0067D4F1 /* Info.plist */,
				BA6714E22351507A0067D4F1 /* DoubanBooks.xcdatamodeld */,
				BA655E48235ABC5100767920 /* CategoryTimeList.plist */,
			);
			path = DoubanBooks;
			sourceTree = "<group>";
		};
		BA6714F22351507B0067D4F1 /* DoubanBooksTests */ = {
			isa = PBXGroup;
			children = (
				BA6714F32351507B0067D4F1 /* DoubanBooksTests.swift */,
				BA6714F52351507B0067D4F1 /* Info.plist */,
			);
			path = DoubanBooksTests;
			sourceTree = "<group>";
		};
		BA671507235169DB0067D4F1 /* Controllers */ = {
			isa = PBXGroup;
			children = (
				BA875A3523595594005BB2BD /* CategorisesController.swift */,
				BA655E46235A8DCA00767920 /* AddCategoryController.swift */,
				BA598045235EF0960068E1CA /* BooksController.swift */,
				BA569166236A6B610027C7B3 /* FindControllerController.swift */,
				BA487955236D34770099078C /* BookDateController.swift */,
				BA501F67237A946C00881337 /* ContainerController.swift */,
				BA501F6B237A986E00881337 /* ChartsPageController.swift */,
				BA501F6F237AA0B100881337 /* CategoryBookStatisticsController.swift */,
				BA501F71237AA0E100881337 /* CategoryReadingStatisticsController.swift */,
				BA501F73237AA10A00881337 /* KeywordStatisticsController.swift */,
			);
			path = Controllers;
			sourceTree = "<group>";
		};
		BA671508235169ED0067D4F1 /* Views */ = {
			isa = PBXGroup;
			children = (
				BA3E6B062361447D00AD878D /* ScrollViewExtension.swift */,
				BA875A3723596042005BB2BD /* CategoryCell.swift */,
				BA3E6B022361352100AD878D /* BookCell.swift */,
				BA3E6B042361407800AD878D /* EmptyViewDelegate.swift */,
				BA3E6B08236148B100AD878D /* FuncTools.swift */,
				BA569168236A83260027C7B3 /* HeaderReusableView.swift */,
				BA56916A236A8FDB0027C7B3 /* FindViewCell.swift */,
				BA670AEB2373A4120043A12B /* ActionViewPicker.swift */,
				BA670AED2373A4700043A12B /* ActionViewDelegates.swift */,
				BA692DB323763FF60009D098 /* ActionTablePicker.swift */,
				BA692DB523765F460009D098 /* ActionCollectionPicker.swift */,
				BA692DB7237660430009D098 /* ActionCollectionViewCell.swift */,
			);
			path = Views;
			sourceTree = "<group>";
		};
		BA671509235169F60067D4F1 /* Models */ = {
			isa = PBXGroup;
			children = (
				BA67150D23516B010067D4F1 /* VMCategory.swift */,
				BA5140F02353F532006769B0 /* CategotyFactory.swift */,
				BA5140F223540461006769B0 /* VMBook.swift */,
				BA5140F423540697006769B0 /* BookFactory.swift */,
				BA5B3562237BFB9300E9ADD8 /* UserCookies.swift */,
			);
			path = Models;
			sourceTree = "<group>";
		};
		BA67150A235169FF0067D4F1 /* Utils */ = {
			isa = PBXGroup;
			children = (
				BA655E4C235AC02200767920 /* DateExtensions.swift */,
				BA875A3923596879005BB2BD /* AlertExtenslons.swift */,
			);
			path = Utils;
			sourceTree = "<group>";
		};
		BA67150B23516A1D0067D4F1 /* Perslsts */ = {
			isa = PBXGroup;
			children = (
				BA67150F23516BF40067D4F1 /* CategoryRepository.swift */,
				BA5140F623540911006769B0 /* BookRepository.swift */,
				BA671511235181780067D4F1 /* DataError.swift */,
				BA6C15DC2355CBCF00871637 /* Repositry.swift */,
				BA6C15DE2355CC8800871637 /* DataViewModilDelegate.swift */,
				BA501F69237A95E700881337 /* PageContainerDelegate.swift */,
			);
			path = Perslsts;
			sourceTree = "<group>";
		};
		BA67150C23516A340067D4F1 /* Netwotk */ = {
			isa = PBXGroup;
			children = (
				BA61706A2368188B00902C35 /* BooksJson.swift */,
				BA61706B2368188B00902C35 /* JSONConverter.swift */,
				BA61706E23683F3000902C35 /* JSONable.swift */,
				BA10DC7F236975BF003A6B94 /* BookConverter.swift */,
			);
			path = Netwotk;
			sourceTree = "<group>";
		};
/* End PBXGroup section */

/* Begin PBXNativeTarget section */
		BA6714D72351507A0067D4F1 /* DoubanBooks */ = {
			isa = PBXNativeTarget;
			buildConfigurationList = BA6714F82351507B0067D4F1 /* Build configuration list for PBXNativeTarget "DoubanBooks" */;
			buildPhases = (
				A6262D71A362CD783E09F073 /* [CP] Check Pods Manifest.lock */,
				BA6714D42351507A0067D4F1 /* Sources */,
				BA6714D52351507A0067D4F1 /* Frameworks */,
				BA6714D62351507A0067D4F1 /* Resources */,
				E58E180CFAC481919103F2B2 /* [CP] Embed Pods Frameworks */,
			);
			buildRules = (
			);
			dependencies = (
			);
			name = DoubanBooks;
			productName = DoubanBooks;
			productReference = BA6714D82351507A0067D4F1 /* DoubanBooks.app */;
			productType = "com.apple.product-type.application";
		};
		BA6714EE2351507B0067D4F1 /* DoubanBooksTests */ = {
			isa = PBXNativeTarget;
			buildConfigurationList = BA6714FB2351507B0067D4F1 /* Build configuration list for PBXNativeTarget "DoubanBooksTests" */;
			buildPhases = (
				A51D778B71870E74B31EB57D /* [CP] Check Pods Manifest.lock */,
				BA6714EB2351507B0067D4F1 /* Sources */,
				BA6714EC2351507B0067D4F1 /* Frameworks */,
				BA6714ED2351507B0067D4F1 /* Resources */,
			);
			buildRules = (
			);
			dependencies = (
				BA6714F12351507B0067D4F1 /* PBXTargetDependency */,
			);
			name = DoubanBooksTests;
			productName = DoubanBooksTests;
			productReference = BA6714EF2351507B0067D4F1 /* DoubanBooksTests.xctest */;
			productType = "com.apple.product-type.bundle.unit-test";
		};
/* End PBXNativeTarget section */

/* Begin PBXProject section */
		BA6714D02351507A0067D4F1 /* Project object */ = {
			isa = PBXProject;
			attributes = {
				LastSwiftUpdateCheck = 1000;
				LastUpgradeCheck = 1000;
				ORGANIZATIONNAME = 2017yd;
				TargetAttributes = {
					BA6714D72351507A0067D4F1 = {
						CreatedOnToolsVersion = 10.0;
					};
					BA6714EE2351507B0067D4F1 = {
						CreatedOnToolsVersion = 10.0;
						TestTargetID = BA6714D72351507A0067D4F1;
					};
				};
			};
			buildConfigurationList = BA6714D32351507A0067D4F1 /* Build configuration list for PBXProject "DoubanBooks" */;
			compatibilityVersion = "Xcode 9.3";
			developmentRegion = en;
			hasScannedForEncodings = 0;
			knownRegions = (
				en,
				Base,
			);
			mainGroup = BA6714CF2351507A0067D4F1;
			productRefGroup = BA6714D92351507A0067D4F1 /* Products */;
			projectDirPath = "";
			projectRoot = "";
			targets = (
				BA6714D72351507A0067D4F1 /* DoubanBooks */,
				BA6714EE2351507B0067D4F1 /* DoubanBooksTests */,
			);
		};
/* End PBXProject section */

/* Begin PBXResourcesBuildPhase section */
		BA6714D62351507A0067D4F1 /* Resources */ = {
			isa = PBXResourcesBuildPhase;
			buildActionMask = 2147483647;
			files = (
				BA6714E92351507B0067D4F1 /* LaunchScreen.storyboard in Resources */,
				BA655E49235ABC5100767920 /* CategoryTimeList.plist in Resources */,
				BA6714E62351507B0067D4F1 /* Assets.xcassets in Resources */,
				BA6714E12351507A0067D4F1 /* Main.storyboard in Resources */,
			);
			runOnlyForDeploymentPostprocessing = 0;
		};
		BA6714ED2351507B0067D4F1 /* Resources */ = {
			isa = PBXResourcesBuildPhase;
			buildActionMask = 2147483647;
			files = (
			);
			runOnlyForDeploymentPostprocessing = 0;
		};
/* End PBXResourcesBuildPhase section */

/* Begin PBXShellScriptBuildPhase section */
		A51D778B71870E74B31EB57D /* [CP] Check Pods Manifest.lock */ = {
			isa = PBXShellScriptBuildPhase;
			buildActionMask = 2147483647;
			files = (
			);
			inputFileListPaths = (
			);
			inputPaths = (
				"${PODS_PODFILE_DIR_PATH}/Podfile.lock",
				"${PODS_ROOT}/Manifest.lock",
			);
			name = "[CP] Check Pods Manifest.lock";
			outputFileListPaths = (
			);
			outputPaths = (
				"$(DERIVED_FILE_DIR)/Pods-DoubanBooksTests-checkManifestLockResult.txt",
			);
			runOnlyForDeploymentPostprocessing = 0;
			shellPath = /bin/sh;
			shellScript = "diff \"${PODS_PODFILE_DIR_PATH}/Podfile.lock\" \"${PODS_ROOT}/Manifest.lock\" > /dev/null\nif [ $? != 0 ] ; then\n    # print error to STDERR\n    echo \"error: The sandbox is not in sync with the Podfile.lock. Run 'pod install' or update your CocoaPods installation.\" >&2\n    exit 1\nfi\n# This output is used by Xcode 'outputs' to avoid re-running this script phase.\necho \"SUCCESS\" > \"${SCRIPT_OUTPUT_FILE_0}\"\n";
			showEnvVarsInLog = 0;
		};
		A6262D71A362CD783E09F073 /* [CP] Check Pods Manifest.lock */ = {
			isa = PBXShellScriptBuildPhase;
			buildActionMask = 2147483647;
			files = (
			);
			inputFileListPaths = (
			);
			inputPaths = (
				"${PODS_PODFILE_DIR_PATH}/Podfile.lock",
				"${PODS_ROOT}/Manifest.lock",
			);
			name = "[CP] Check Pods Manifest.lock";
			outputFileListPaths = (
			);
			outputPaths = (
				"$(DERIVED_FILE_DIR)/Pods-DoubanBooks-checkManifestLockResult.txt",
			);
			runOnlyForDeploymentPostprocessing = 0;
			shellPath = /bin/sh;
			shellScript = "diff \"${PODS_PODFILE_DIR_PATH}/Podfile.lock\" \"${PODS_ROOT}/Manifest.lock\" > /dev/null\nif [ $? != 0 ] ; then\n    # print error to STDERR\n    echo \"error: The sandbox is not in sync with the Podfile.lock. Run 'pod install' or update your CocoaPods installation.\" >&2\n    exit 1\nfi\n# This output is used by Xcode 'outputs' to avoid re-running this script phase.\necho \"SUCCESS\" > \"${SCRIPT_OUTPUT_FILE_0}\"\n";
			showEnvVarsInLog = 0;
		};
		E58E180CFAC481919103F2B2 /* [CP] Embed Pods Frameworks */ = {
			isa = PBXShellScriptBuildPhase;
			buildActionMask = 2147483647;
			files = (
			);
			inputFileListPaths = (
				"${PODS_ROOT}/Target Support Files/Pods-DoubanBooks/Pods-DoubanBooks-frameworks-${CONFIGURATION}-input-files.xcfilelist",
			);
			name = "[CP] Embed Pods Frameworks";
			outputFileListPaths = (
				"${PODS_ROOT}/Target Support Files/Pods-DoubanBooks/Pods-DoubanBooks-frameworks-${CONFIGURATION}-output-files.xcfilelist",
			);
			runOnlyForDeploymentPostprocessing = 0;
			shellPath = /bin/sh;
			shellScript = "\"${PODS_ROOT}/Target Support Files/Pods-DoubanBooks/Pods-DoubanBooks-frameworks.sh\"\n";
			showEnvVarsInLog = 0;
		};
/* End PBXShellScriptBuildPhase section */

/* Begin PBXSourcesBuildPhase section */
		BA6714D42351507A0067D4F1 /* Sources */ = {
			isa = PBXSourcesBuildPhase;
			buildActionMask = 2147483647;
			files = (
				BA3E6B032361352100AD878D /* BookCell.swift in Sources */,
				BA501F6A237A95E700881337 /* PageContainerDelegate.swift in Sources */,
				BA875A3823596042005BB2BD /* CategoryCell.swift in Sources */,
				BA671512235181780067D4F1 /* DataError.swift in Sources */,
				BA10DC80236975BF003A6B94 /* BookConverter.swift in Sources */,
				BA501F70237AA0B100881337 /* CategoryBookStatisticsController.swift in Sources */,
				BA692DB8237660430009D098 /* ActionCollectionViewCell.swift in Sources */,
				BA655E47235A8DCA00767920 /* AddCategoryController.swift in Sources */,
				BA501F74237AA10A00881337 /* KeywordStatisticsController.swift in Sources */,
				BA487956236D34770099078C /* BookDateController.swift in Sources */,
				BA5B3563237BFB9300E9ADD8 /* UserCookies.swift in Sources */,
				BA56916B236A8FDB0027C7B3 /* FindViewCell.swift in Sources */,
				BA5140F12353F532006769B0 /* CategotyFactory.swift in Sources */,
				BA692DB623765F460009D098 /* ActionCollectionPicker.swift in Sources */,
				BA5140F723540911006769B0 /* BookRepository.swift in Sources */,
				BA501F68237A946C00881337 /* ContainerController.swift in Sources */,
				BA875A3623595594005BB2BD /* CategorisesController.swift in Sources */,
				BA569167236A6B610027C7B3 /* FindControllerController.swift in Sources */,
				BA3E6B052361407800AD878D /* EmptyViewDelegate.swift in Sources */,
				BA598046235EF0960068E1CA /* BooksController.swift in Sources */,
				BA6C15DF2355CC8800871637 /* DataViewModilDelegate.swift in Sources */,
				BA67150E23516B010067D4F1 /* VMCategory.swift in Sources */,
				BA875A3A23596879005BB2BD /* AlertExtenslons.swift in Sources */,
				BA501F6C237A986E00881337 /* ChartsPageController.swift in Sources */,
				BA3E6B09236148B100AD878D /* FuncTools.swift in Sources */,
				BA6714E42351507A0067D4F1 /* DoubanBooks.xcdatamodeld in Sources */,
				BA5140F323540461006769B0 /* VMBook.swift in Sources */,
				BA61706D2368188B00902C35 /* JSONConverter.swift in Sources */,
				BA6C15DD2355CBCF00871637 /* Repositry.swift in Sources */,
				BA67151023516BF40067D4F1 /* CategoryRepository.swift in Sources */,
				BA692DB423763FF60009D098 /* ActionTablePicker.swift in Sources */,
				BA670AEE2373A4700043A12B /* ActionViewDelegates.swift in Sources */,
				BA670AEC2373A4120043A12B /* ActionViewPicker.swift in Sources */,
				BA655E4D235AC02200767920 /* DateExtensions.swift in Sources */,
				BA61706C2368188B00902C35 /* BooksJson.swift in Sources */,
				BA5140F523540697006769B0 /* BookFactory.swift in Sources */,
				BA569169236A83260027C7B3 /* HeaderReusableView.swift in Sources */,
				BA6714DC2351507A0067D4F1 /* AppDelegate.swift in Sources */,
				BA3E6B072361447D00AD878D /* ScrollViewExtension.swift in Sources */,
				BA61706F23683F3000902C35 /* JSONable.swift in Sources */,
				BA501F72237AA0E100881337 /* CategoryReadingStatisticsController.swift in Sources */,
			);
			runOnlyForDeploymentPostprocessing = 0;
		};
		BA6714EB2351507B0067D4F1 /* Sources */ = {
			isa = PBXSourcesBuildPhase;
			buildActionMask = 2147483647;
			files = (
				BA6714F42351507B0067D4F1 /* DoubanBooksTests.swift in Sources */,
			);
			runOnlyForDeploymentPostprocessing = 0;
		};
/* End PBXSourcesBuildPhase section */

/* Begin PBXTargetDependency section */
		BA6714F12351507B0067D4F1 /* PBXTargetDependency */ = {
			isa = PBXTargetDependency;
			target = BA6714D72351507A0067D4F1 /* DoubanBooks */;
			targetProxy = BA6714F02351507B0067D4F1 /* PBXContainerItemProxy */;
		};
/* End PBXTargetDependency section */

/* Begin PBXVariantGroup section */
		BA6714DF2351507A0067D4F1 /* Main.storyboard */ = {
			isa = PBXVariantGroup;
			children = (
				BA6714E02351507A0067D4F1 /* Base */,
			);
			name = Main.storyboard;
			sourceTree = "<group>";
		};
		BA6714E72351507B0067D4F1 /* LaunchScreen.storyboard */ = {
			isa = PBXVariantGroup;
			children = (
				BA6714E82351507B0067D4F1 /* Base */,
			);
			name = LaunchScreen.storyboard;
			sourceTree = "<group>";
		};
/* End PBXVariantGroup section */

/* Begin XCBuildConfiguration section */
		BA6714F62351507B0067D4F1 /* Debug */ = {
			isa = XCBuildConfiguration;
			buildSettings = {
				ALWAYS_SEARCH_USER_PATHS = NO;
				CLANG_ANALYZER_NONNULL = YES;
				CLANG_ANALYZER_NUMBER_OBJECT_CONVERSION = YES_AGGRESSIVE;
				CLANG_CXX_LANGUAGE_STANDARD = "gnu++14";
				CLANG_CXX_LIBRARY = "libc++";
				CLANG_ENABLE_MODULES = YES;
				CLANG_ENABLE_OBJC_ARC = YES;
				CLANG_ENABLE_OBJC_WEAK = YES;
				CLANG_WARN_BLOCK_CAPTURE_AUTORELEASING = YES;
				CLANG_WARN_BOOL_CONVERSION = YES;
				CLANG_WARN_COMMA = YES;
				CLANG_WARN_CONSTANT_CONVERSION = YES;
				CLANG_WARN_DEPRECATED_OBJC_IMPLEMENTATIONS = YES;
				CLANG_WARN_DIRECT_OBJC_ISA_USAGE = YES_ERROR;
				CLANG_WARN_DOCUMENTATION_COMMENTS = YES;
				CLANG_WARN_EMPTY_BODY = YES;
				CLANG_WARN_ENUM_CONVERSION = YES;
				CLANG_WARN_INFINITE_RECURSION = YES;
				CLANG_WARN_INT_CONVERSION = YES;
				CLANG_WARN_NON_LITERAL_NULL_CONVERSION = YES;
				CLANG_WARN_OBJC_IMPLICIT_RETAIN_SELF = YES;
				CLANG_WARN_OBJC_LITERAL_CONVERSION = YES;
				CLANG_WARN_OBJC_ROOT_CLASS = YES_ERROR;
				CLANG_WARN_RANGE_LOOP_ANALYSIS = YES;
				CLANG_WARN_STRICT_PROTOTYPES = YES;
				CLANG_WARN_SUSPICIOUS_MOVE = YES;
				CLANG_WARN_UNGUARDED_AVAILABILITY = YES_AGGRESSIVE;
				CLANG_WARN_UNREACHABLE_CODE = YES;
				CLANG_WARN__DUPLICATE_METHOD_MATCH = YES;
				CODE_SIGN_IDENTITY = "iPhone Developer";
				COPY_PHASE_STRIP = NO;
				DEBUG_INFORMATION_FORMAT = dwarf;
				ENABLE_STRICT_OBJC_MSGSEND = YES;
				ENABLE_TESTABILITY = YES;
				GCC_C_LANGUAGE_STANDARD = gnu11;
				GCC_DYNAMIC_NO_PIC = NO;
				GCC_NO_COMMON_BLOCKS = YES;
				GCC_OPTIMIZATION_LEVEL = 0;
				GCC_PREPROCESSOR_DEFINITIONS = (
					"DEBUG=1",
					"$(inherited)",
				);
				GCC_WARN_64_TO_32_BIT_CONVERSION = YES;
				GCC_WARN_ABOUT_RETURN_TYPE = YES_ERROR;
				GCC_WARN_UNDECLARED_SELECTOR = YES;
				GCC_WARN_UNINITIALIZED_AUTOS = YES_AGGRESSIVE;
				GCC_WARN_UNUSED_FUNCTION = YES;
				GCC_WARN_UNUSED_VARIABLE = YES;
				IPHONEOS_DEPLOYMENT_TARGET = 12.0;
				MTL_ENABLE_DEBUG_INFO = INCLUDE_SOURCE;
				MTL_FAST_MATH = YES;
				ONLY_ACTIVE_ARCH = YES;
				SDKROOT = iphoneos;
				SWIFT_ACTIVE_COMPILATION_CONDITIONS = DEBUG;
				SWIFT_OPTIMIZATION_LEVEL = "-Onone";
			};
			name = Debug;
		};
		BA6714F72351507B0067D4F1 /* Release */ = {
			isa = XCBuildConfiguration;
			buildSettings = {
				ALWAYS_SEARCH_USER_PATHS = NO;
				CLANG_ANALYZER_NONNULL = YES;
				CLANG_ANALYZER_NUMBER_OBJECT_CONVERSION = YES_AGGRESSIVE;
				CLANG_CXX_LANGUAGE_STANDARD = "gnu++14";
				CLANG_CXX_LIBRARY = "libc++";
				CLANG_ENABLE_MODULES = YES;
				CLANG_ENABLE_OBJC_ARC = YES;
				CLANG_ENABLE_OBJC_WEAK = YES;
				CLANG_WARN_BLOCK_CAPTURE_AUTORELEASING = YES;
				CLANG_WARN_BOOL_CONVERSION = YES;
				CLANG_WARN_COMMA = YES;
				CLANG_WARN_CONSTANT_CONVERSION = YES;
				CLANG_WARN_DEPRECATED_OBJC_IMPLEMENTATIONS = YES;
				CLANG_WARN_DIRECT_OBJC_ISA_USAGE = YES_ERROR;
				CLANG_WARN_DOCUMENTATION_COMMENTS = YES;
				CLANG_WARN_EMPTY_BODY = YES;
				CLANG_WARN_ENUM_CONVERSION = YES;
				CLANG_WARN_INFINITE_RECURSION = YES;
				CLANG_WARN_INT_CONVERSION = YES;
				CLANG_WARN_NON_LITERAL_NULL_CONVERSION = YES;
				CLANG_WARN_OBJC_IMPLICIT_RETAIN_SELF = YES;
				CLANG_WARN_OBJC_LITERAL_CONVERSION = YES;
				CLANG_WARN_OBJC_ROOT_CLASS = YES_ERROR;
				CLANG_WARN_RANGE_LOOP_ANALYSIS = YES;
				CLANG_WARN_STRICT_PROTOTYPES = YES;
				CLANG_WARN_SUSPICIOUS_MOVE = YES;
				CLANG_WARN_UNGUARDED_AVAILABILITY = YES_AGGRESSIVE;
				CLANG_WARN_UNREACHABLE_CODE = YES;
				CLANG_WARN__DUPLICATE_METHOD_MATCH = YES;
				CODE_SIGN_IDENTITY = "iPhone Developer";
				COPY_PHASE_STRIP = NO;
				DEBUG_INFORMATION_FORMAT = "dwarf-with-dsym";
				ENABLE_NS_ASSERTIONS = NO;
				ENABLE_STRICT_OBJC_MSGSEND = YES;
				GCC_C_LANGUAGE_STANDARD = gnu11;
				GCC_NO_COMMON_BLOCKS = YES;
				GCC_WARN_64_TO_32_BIT_CONVERSION = YES;
				GCC_WARN_ABOUT_RETURN_TYPE = YES_ERROR;
				GCC_WARN_UNDECLARED_SELECTOR = YES;
				GCC_WARN_UNINITIALIZED_AUTOS = YES_AGGRESSIVE;
				GCC_WARN_UNUSED_FUNCTION = YES;
				GCC_WARN_UNUSED_VARIABLE = YES;
				IPHONEOS_DEPLOYMENT_TARGET = 12.0;
				MTL_ENABLE_DEBUG_INFO = NO;
				MTL_FAST_MATH = YES;
				SDKROOT = iphoneos;
				SWIFT_COMPILATION_MODE = wholemodule;
				SWIFT_OPTIMIZATION_LEVEL = "-O";
				VALIDATE_PRODUCT = YES;
			};
			name = Release;
		};
		BA6714F92351507B0067D4F1 /* Debug */ = {
			isa = XCBuildConfiguration;
			baseConfigurationReference = 08F52E93160D933ECA6227E2 /* Pods-DoubanBooks.debug.xcconfig */;
			buildSettings = {
				ASSETCATALOG_COMPILER_APPICON_NAME = AppIcon;
				CODE_SIGN_STYLE = Automatic;
				INFOPLIST_FILE = DoubanBooks/Info.plist;
				LD_RUNPATH_SEARCH_PATHS = (
					"$(inherited)",
					"@executable_path/Frameworks",
				);
				PRODUCT_BUNDLE_IDENTIFIER = net.lzzy.DoubanBooks;
				PRODUCT_NAME = "$(TARGET_NAME)";
				SWIFT_VERSION = 4.2;
				TARGETED_DEVICE_FAMILY = "1,2";
			};
			name = Debug;
		};
		BA6714FA2351507B0067D4F1 /* Release */ = {
			isa = XCBuildConfiguration;
			baseConfigurationReference = A3AD64130FCC1686281C1F00 /* Pods-DoubanBooks.release.xcconfig */;
			buildSettings = {
				ASSETCATALOG_COMPILER_APPICON_NAME = AppIcon;
				CODE_SIGN_STYLE = Automatic;
				INFOPLIST_FILE = DoubanBooks/Info.plist;
				LD_RUNPATH_SEARCH_PATHS = (
					"$(inherited)",
					"@executable_path/Frameworks",
				);
				PRODUCT_BUNDLE_IDENTIFIER = net.lzzy.DoubanBooks;
				PRODUCT_NAME = "$(TARGET_NAME)";
				SWIFT_VERSION = 4.2;
				TARGETED_DEVICE_FAMILY = "1,2";
			};
			name = Release;
		};
		BA6714FC2351507B0067D4F1 /* Debug */ = {
			isa = XCBuildConfiguration;
			baseConfigurationReference = 7457D52A2B96643AF98E568F /* Pods-DoubanBooksTests.debug.xcconfig */;
			buildSettings = {
				ALWAYS_EMBED_SWIFT_STANDARD_LIBRARIES = YES;
				BUNDLE_LOADER = "$(TEST_HOST)";
				CODE_SIGN_STYLE = Automatic;
				INFOPLIST_FILE = DoubanBooksTests/Info.plist;
				LD_RUNPATH_SEARCH_PATHS = (
					"$(inherited)",
					"@executable_path/Frameworks",
					"@loader_path/Frameworks",
				);
				PRODUCT_BUNDLE_IDENTIFIER = net.lzzy.DoubanBooksTests;
				PRODUCT_NAME = "$(TARGET_NAME)";
				SWIFT_VERSION = 4.2;
				TARGETED_DEVICE_FAMILY = "1,2";
				TEST_HOST = "$(BUILT_PRODUCTS_DIR)/DoubanBooks.app/DoubanBooks";
			};
			name = Debug;
		};
		BA6714FD2351507B0067D4F1 /* Release */ = {
			isa = XCBuildConfiguration;
			baseConfigurationReference = D386CA76F80084F0BEC14888 /* Pods-DoubanBooksTests.release.xcconfig */;
			buildSettings = {
				ALWAYS_EMBED_SWIFT_STANDARD_LIBRARIES = YES;
				BUNDLE_LOADER = "$(TEST_HOST)";
				CODE_SIGN_STYLE = Automatic;
				INFOPLIST_FILE = DoubanBooksTests/Info.plist;
				LD_RUNPATH_SEARCH_PATHS = (
					"$(inherited)",
					"@executable_path/Frameworks",
					"@loader_path/Frameworks",
				);
				PRODUCT_BUNDLE_IDENTIFIER = net.lzzy.DoubanBooksTests;
				PRODUCT_NAME = "$(TARGET_NAME)";
				SWIFT_VERSION = 4.2;
				TARGETED_DEVICE_FAMILY = "1,2";
				TEST_HOST = "$(BUILT_PRODUCTS_DIR)/DoubanBooks.app/DoubanBooks";
			};
			name = Release;
		};
/* End XCBuildConfiguration section */

/* Begin XCConfigurationList section */
		BA6714D32351507A0067D4F1 /* Build configuration list for PBXProject "DoubanBooks" */ = {
			isa = XCConfigurationList;
			buildConfigurations = (
				BA6714F62351507B0067D4F1 /* Debug */,
				BA6714F72351507B0067D4F1 /* Release */,
			);
			defaultConfigurationIsVisible = 0;
			defaultConfigurationName = Release;
		};
		BA6714F82351507B0067D4F1 /* Build configuration list for PBXNativeTarget "DoubanBooks" */ = {
			isa = XCConfigurationList;
			buildConfigurations = (
				BA6714F92351507B0067D4F1 /* Debug */,
				BA6714FA2351507B0067D4F1 /* Release */,
			);
			defaultConfigurationIsVisible = 0;
			defaultConfigurationName = Release;
		};
		BA6714FB2351507B0067D4F1 /* Build configuration list for PBXNativeTarget "DoubanBooksTests" */ = {
			isa = XCConfigurationList;
			buildConfigurations = (
				BA6714FC2351507B0067D4F1 /* Debug */,
				BA6714FD2351507B0067D4F1 /* Release */,
			);
			defaultConfigurationIsVisible = 0;
			defaultConfigurationName = Release;
		};
/* End XCConfigurationList section */

/* Begin XCVersionGroup section */
		BA6714E22351507A0067D4F1 /* DoubanBooks.xcdatamodeld */ = {
			isa = XCVersionGroup;
			children = (
				BA6715062351564B0067D4F1 /* DoubanBooks 2.xcdatamodel */,
				BA6714E32351507A0067D4F1 /* DoubanBooks.xcdatamodel */,
			);
			currentVersion = BA6715062351564B0067D4F1 /* DoubanBooks 2.xcdatamodel */;
			path = DoubanBooks.xcdatamodeld;
			sourceTree = "<group>";
			versionGroupType = wrapper.xcdatamodel;
		};
/* End XCVersionGroup section */
	};
	rootObject = BA6714D02351507A0067D4F1 /* Project object */;
}
